
Microsoft Visual Studio Solution File, Format Version 12.00
# Visual Studio Version 17
VisualStudioVersion = 17.14.36127.28 d17.14
MinimumVisualStudioVersion = 10.0.40219.1
Project("{F2A71F9B-5D33-465A-A702-920D77279786}") = "PureMVC", "PureMVC\PureMVC.fsproj", "{5CC79721-9C38-4EA7-A0BE-781CE2A07A9F}"
EndProject
Global
	GlobalSection(SolutionConfigurationPlatforms) = preSolution
		Debug|Any CPU = Debug|Any CPU
		Release|Any CPU = Release|Any CPU
	EndGlobalSection
	GlobalSection(ProjectConfigurationPlatforms) = postSolution
		{5CC79721-9C38-4EA7-A0BE-781CE2A07A9F}.Debug|Any CPU.ActiveCfg = Debug|Any CPU
		{5CC79721-9C38-4EA7-A0BE-781CE2A07A9F}.Debug|Any CPU.Build.0 = Debug|Any CPU
		{5CC79721-9C38-4EA7-A0BE-781CE2A07A9F}.Release|Any CPU.ActiveCfg = Release|Any CPU
		{5CC79721-9C38-4EA7-A0BE-781CE2A07A9F}.Release|Any CPU.Build.0 = Release|Any CPU
	EndGlobalSection
	GlobalSection(SolutionProperties) = preSolution
		HideSolutionNode = FALSE
	EndGlobalSection
	GlobalSection(ExtensibilityGlobals) = postSolution
		SolutionGuid = {4F464ED2-A61B-43CC-81D9-9BC97AEF27E7}
	EndGlobalSection
EndGlobal
